
Microsoft Visual Studio Solution File, Format Version 12.00
# Visual Studio Version 16
VisualStudioVersion = 16.0.30002.166
MinimumVisualStudioVersion = 10.0.40219.1
Project("{9A19103F-16F7-4668-BE54-9A1E7A4F7556}") = "Dfe.CdcFileUnpacker.ConsoleApp", "Dfe.CdcFileUnpacker.ConsoleApp\Dfe.CdcFileUnpacker.ConsoleApp.csproj", "{B20626E7-A2F9-4E51-AFB9-9B0EFECB1E96}"
EndProject
Project("{9A19103F-16F7-4668-BE54-9A1E7A4F7556}") = "Dfe.CdcFileUnpacker.Domain", "Dfe.CdcFileUnpacker.Domain\Dfe.CdcFileUnpacker.Domain.csproj", "{0CEE6ED7-3C9D-40D7-99D2-BBC99104EB04}"
EndProject
Project("{9A19103F-16F7-4668-BE54-9A1E7A4F7556}") = "Dfe.CdcFileUnpacker.Application", "Dfe.CdcFileUnpacker.Application\Dfe.CdcFileUnpacker.Application.csproj", "{3FC9C52D-F306-45A2-8A73-CC275C5F16FB}"
EndProject
Project("{9A19103F-16F7-4668-BE54-9A1E7A4F7556}") = "Dfe.CdcFileUnpacker.Infrastructure.AzureStorage", "Dfe.CdcFileUnpacker.Infrastructure.AzureStorage\Dfe.CdcFileUnpacker.Infrastructure.AzureStorage.csproj", "{C422E50A-5602-46B7-9794-139D89752483}"
EndProject
Project("{9A19103F-16F7-4668-BE54-9A1E7A4F7556}") = "Dfe.CdcFileUnpacker.Infrastructure.SqlServer", "Dfe.CdcFileUnpacker.Infrastructure.SqlServer\Dfe.CdcFileUnpacker.Infrastructure.SqlServer.csproj", "{45E07959-9905-4D79-8D64-66C86664408D}"
EndProject
Project("{2150E333-8FDC-42A3-9474-1A3956D46DE8}") = "azure", "azure", "{AF28F706-E0AC-4CC9-ADC4-9A63EA455B48}"
	ProjectSection(SolutionItems) = preProject
		..\azure\template.json = ..\azure\template.json
	EndProjectSection
EndProject
Project("{2150E333-8FDC-42A3-9474-1A3956D46DE8}") = "pipelines", "pipelines", "{F191C062-E33B-480F-9F7E-E0CED139AB5A}"
	ProjectSection(SolutionItems) = preProject
		..\pipelines\azure-pipelines.yml = ..\pipelines\azure-pipelines.yml
	EndProjectSection
EndProject
Global
	GlobalSection(SolutionConfigurationPlatforms) = preSolution
		Debug|Any CPU = Debug|Any CPU
		Release|Any CPU = Release|Any CPU
	EndGlobalSection
	GlobalSection(ProjectConfigurationPlatforms) = postSolution
		{B20626E7-A2F9-4E51-AFB9-9B0EFECB1E96}.Debug|Any CPU.ActiveCfg = Debug|Any CPU
		{B20626E7-A2F9-4E51-AFB9-9B0EFECB1E96}.Debug|Any CPU.Build.0 = Debug|Any CPU
		{B20626E7-A2F9-4E51-AFB9-9B0EFECB1E96}.Release|Any CPU.ActiveCfg = Release|Any CPU
		{B20626E7-A2F9-4E51-AFB9-9B0EFECB1E96}.Release|Any CPU.Build.0 = Release|Any CPU
		{0CEE6ED7-3C9D-40D7-99D2-BBC99104EB04}.Debug|Any CPU.ActiveCfg = Debug|Any CPU
		{0CEE6ED7-3C9D-40D7-99D2-BBC99104EB04}.Debug|Any CPU.Build.0 = Debug|Any CPU
		{0CEE6ED7-3C9D-40D7-99D2-BBC99104EB04}.Release|Any CPU.ActiveCfg = Release|Any CPU
		{0CEE6ED7-3C9D-40D7-99D2-BBC99104EB04}.Release|Any CPU.Build.0 = Release|Any CPU
		{3FC9C52D-F306-45A2-8A73-CC275C5F16FB}.Debug|Any CPU.ActiveCfg = Debug|Any CPU
		{3FC9C52D-F306-45A2-8A73-CC275C5F16FB}.Debug|Any CPU.Build.0 = Debug|Any CPU
		{3FC9C52D-F306-45A2-8A73-CC275C5F16FB}.Release|Any CPU.ActiveCfg = Release|Any CPU
		{3FC9C52D-F306-45A2-8A73-CC275C5F16FB}.Release|Any CPU.Build.0 = Release|Any CPU
		{C422E50A-5602-46B7-9794-139D89752483}.Debug|Any CPU.ActiveCfg = Debug|Any CPU
		{C422E50A-5602-46B7-9794-139D89752483}.Debug|Any CPU.Build.0 = Debug|Any CPU
		{C422E50A-5602-46B7-9794-139D89752483}.Release|Any CPU.ActiveCfg = Release|Any CPU
		{C422E50A-5602-46B7-9794-139D89752483}.Release|Any CPU.Build.0 = Release|Any CPU
		{45E07959-9905-4D79-8D64-66C86664408D}.Debug|Any CPU.ActiveCfg = Debug|Any CPU
		{45E07959-9905-4D79-8D64-66C86664408D}.Debug|Any CPU.Build.0 = Debug|Any CPU
		{45E07959-9905-4D79-8D64-66C86664408D}.Release|Any CPU.ActiveCfg = Release|Any CPU
		{45E07959-9905-4D79-8D64-66C86664408D}.Release|Any CPU.Build.0 = Release|Any CPU
	EndGlobalSection
	GlobalSection(SolutionProperties) = preSolution
		HideSolutionNode = FALSE
	EndGlobalSection
	GlobalSection(ExtensibilityGlobals) = postSolution
		SolutionGuid = {08DB5C32-D6A5-4271-B91C-7F3169D95555}
	EndGlobalSection
EndGlobal
